
Microsoft Visual Studio Solution File, Format Version 12.00
# Visual Studio Version 17
VisualStudioVersion = 17.6.33723.286
MinimumVisualStudioVersion = 10.0.40219.1
Project("{8BC9CEB8-8B4A-11D0-8D11-00A0C91BC942}") = "WIN_API", "WIN_API\WIN_API.vcxproj", "{28E34C14-4BFC-46AD-A759-25CC4003D9EE}"
EndProject
Global
	GlobalSection(SolutionConfigurationPlatforms) = preSolution
		Debug|x64 = Debug|x64
		Debug|x86 = Debug|x86
		Release|x64 = Release|x64
		Release|x86 = Release|x86
	EndGlobalSection
	GlobalSection(ProjectConfigurationPlatforms) = postSolution
		{28E34C14-4BFC-46AD-A759-25CC4003D9EE}.Debug|x64.ActiveCfg = Debug|x64
		{28E34C14-4BFC-46AD-A759-25CC4003D9EE}.Debug|x64.Build.0 = Debug|x64
		{28E34C14-4BFC-46AD-A759-25CC4003D9EE}.Debug|x86.ActiveCfg = Debug|Win32
		{28E34C14-4BFC-46AD-A759-25CC4003D9EE}.Debug|x86.Build.0 = Debug|Win32
		{28E34C14-4BFC-46AD-A759-25CC4003D9EE}.Release|x64.ActiveCfg = Release|x64
		{28E34C14-4BFC-46AD-A759-25CC4003D9EE}.Release|x64.Build.0 = Release|x64
		{28E34C14-4BFC-46AD-A759-25CC4003D9EE}.Release|x86.ActiveCfg = Release|Win32
		{28E34C14-4BFC-46AD-A759-25CC4003D9EE}.Release|x86.Build.0 = Release|Win32
	EndGlobalSection
	GlobalSection(SolutionProperties) = preSolution
		HideSolutionNode = FALSE
	EndGlobalSection
	GlobalSection(ExtensibilityGlobals) = postSolution
		SolutionGuid = {1078932F-6553-4932-8351-CB6E95ACDEA9}
	EndGlobalSection
EndGlobal
